// !$*UTF8*$!
{
	archiveVersion = 1;
	classes = {
	};
	objectVersion = 56;
	objects = {

/* Begin PBXBuildFile section */
		1E567DAF2DCF9E250093F128 /* HourlyTableViewController.swift in Sources */ = {isa = PBXBuildFile; fileRef = 1E567DAE2DCF9E250093F128 /* HourlyTableViewController.swift */; };
		1E567DB12DCF9E2E0093F128 /* DailyTableViewController.swift in Sources */ = {isa = PBXBuildFile; fileRef = 1E567DB02DCF9E2E0093F128 /* DailyTableViewController.swift */; };
		1E567DB32DCFA0FA0093F128 /* SettingsViewController.swift in Sources */ = {isa = PBXBuildFile; fileRef = 1E567DB22DCFA0FA0093F128 /* SettingsViewController.swift */; };
		1EAB025F2DCD432700AD5CE2 /* AppDelegate.swift in Sources */ = {isa = PBXBuildFile; fileRef = 1EAB025E2DCD432700AD5CE2 /* AppDelegate.swift */; };
		1EAB02612DCD432700AD5CE2 /* SceneDelegate.swift in Sources */ = {isa = PBXBuildFile; fileRef = 1EAB02602DCD432700AD5CE2 /* SceneDelegate.swift */; };
		1EAB02632DCD432700AD5CE2 /* ViewController.swift in Sources */ = {isa = PBXBuildFile; fileRef = 1EAB02622DCD432700AD5CE2 /* ViewController.swift */; };
		1EAB02662DCD432700AD5CE2 /* Main.storyboard in Resources */ = {isa = PBXBuildFile; fileRef = 1EAB02642DCD432700AD5CE2 /* Main.storyboard */; };
		1EAB02692DCD432700AD5CE2 /* Weather_Forecast.xcdatamodeld in Sources */ = {isa = PBXBuildFile; fileRef = 1EAB02672DCD432700AD5CE2 /* Weather_Forecast.xcdatamodeld */; };
		1EAB026B2DCD432900AD5CE2 /* Assets.xcassets in Resources */ = {isa = PBXBuildFile; fileRef = 1EAB026A2DCD432900AD5CE2 /* Assets.xcassets */; };
		1EAB026E2DCD432900AD5CE2 /* LaunchScreen.storyboard in Resources */ = {isa = PBXBuildFile; fileRef = 1EAB026C2DCD432900AD5CE2 /* LaunchScreen.storyboard */; };
		1EAB02792DCD432A00AD5CE2 /* Weather_ForecastTests.swift in Sources */ = {isa = PBXBuildFile; fileRef = 1EAB02782DCD432A00AD5CE2 /* Weather_ForecastTests.swift */; };
		1EAB02832DCD432A00AD5CE2 /* Weather_ForecastUITests.swift in Sources */ = {isa = PBXBuildFile; fileRef = 1EAB02822DCD432A00AD5CE2 /* Weather_ForecastUITests.swift */; };
		1EAB02852DCD432A00AD5CE2 /* Weather_ForecastUITestsLaunchTests.swift in Sources */ = {isa = PBXBuildFile; fileRef = 1EAB02842DCD432A00AD5CE2 /* Weather_ForecastUITestsLaunchTests.swift */; };
/* End PBXBuildFile section */

/* Begin PBXContainerItemProxy section */
		1EAB02752DCD432A00AD5CE2 /* PBXContainerItemProxy */ = {
			isa = PBXContainerItemProxy;
			containerPortal = 1EAB02532DCD432700AD5CE2 /* Project object */;
			proxyType = 1;
			remoteGlobalIDString = 1EAB025A2DCD432700AD5CE2;
			remoteInfo = "Weather Forecast";
		};
		1EAB027F2DCD432A00AD5CE2 /* PBXContainerItemProxy */ = {
			isa = PBXContainerItemProxy;
			containerPortal = 1EAB02532DCD432700AD5CE2 /* Project object */;
			proxyType = 1;
			remoteGlobalIDString = 1EAB025A2DCD432700AD5CE2;
			remoteInfo = "Weather Forecast";
		};
/* End PBXContainerItemProxy section */

/* Begin PBXFileReference section */
		1E567DAE2DCF9E250093F128 /* HourlyTableViewController.swift */ = {isa = PBXFileReference; lastKnownFileType = sourcecode.swift; path = HourlyTableViewController.swift; sourceTree = "<group>"; };
		1E567DB02DCF9E2E0093F128 /* DailyTableViewController.swift */ = {isa = PBXFileReference; lastKnownFileType = sourcecode.swift; path = DailyTableViewController.swift; sourceTree = "<group>"; };
		1E567DB22DCFA0FA0093F128 /* SettingsViewController.swift */ = {isa = PBXFileReference; lastKnownFileType = sourcecode.swift; path = SettingsViewController.swift; sourceTree = "<group>"; };
		1EAB025B2DCD432700AD5CE2 /* Weather Forecast.app */ = {isa = PBXFileReference; explicitFileType = wrapper.application; includeInIndex = 0; path = "Weather Forecast.app"; sourceTree = BUILT_PRODUCTS_DIR; };
		1EAB025E2DCD432700AD5CE2 /* AppDelegate.swift */ = {isa = PBXFileReference; lastKnownFileType = sourcecode.swift; path = AppDelegate.swift; sourceTree = "<group>"; };
		1EAB02602DCD432700AD5CE2 /* SceneDelegate.swift */ = {isa = PBXFileReference; lastKnownFileType = sourcecode.swift; path = SceneDelegate.swift; sourceTree = "<group>"; };
		1EAB02622DCD432700AD5CE2 /* ViewController.swift */ = {isa = PBXFileReference; lastKnownFileType = sourcecode.swift; path = ViewController.swift; sourceTree = "<group>"; };
		1EAB02652DCD432700AD5CE2 /* Base */ = {isa = PBXFileReference; lastKnownFileType = file.storyboard; name = Base; path = Base.lproj/Main.storyboard; sourceTree = "<group>"; };
		1EAB02682DCD432700AD5CE2 /* Weather_Forecast.xcdatamodel */ = {isa = PBXFileReference; lastKnownFileType = wrapper.xcdatamodel; path = Weather_Forecast.xcdatamodel; sourceTree = "<group>"; };
		1EAB026A2DCD432900AD5CE2 /* Assets.xcassets */ = {isa = PBXFileReference; lastKnownFileType = folder.assetcatalog; path = Assets.xcassets; sourceTree = "<group>"; };
		1EAB026D2DCD432900AD5CE2 /* Base */ = {isa = PBXFileReference; lastKnownFileType = file.storyboard; name = Base; path = Base.lproj/LaunchScreen.storyboard; sourceTree = "<group>"; };
		1EAB026F2DCD432A00AD5CE2 /* Info.plist */ = {isa = PBXFileReference; lastKnownFileType = text.plist.xml; path = Info.plist; sourceTree = "<group>"; };
		1EAB02742DCD432A00AD5CE2 /* Weather ForecastTests.xctest */ = {isa = PBXFileReference; explicitFileType = wrapper.cfbundle; includeInIndex = 0; path = "Weather ForecastTests.xctest"; sourceTree = BUILT_PRODUCTS_DIR; };
		1EAB02782DCD432A00AD5CE2 /* Weather_ForecastTests.swift */ = {isa = PBXFileReference; lastKnownFileType = sourcecode.swift; path = Weather_ForecastTests.swift; sourceTree = "<group>"; };
		1EAB027E2DCD432A00AD5CE2 /* Weather ForecastUITests.xctest */ = {isa = PBXFileReference; explicitFileType = wrapper.cfbundle; includeInIndex = 0; path = "Weather ForecastUITests.xctest"; sourceTree = BUILT_PRODUCTS_DIR; };
		1EAB02822DCD432A00AD5CE2 /* Weather_ForecastUITests.swift */ = {isa = PBXFileReference; lastKnownFileType = sourcecode.swift; path = Weather_ForecastUITests.swift; sourceTree = "<group>"; };
		1EAB02842DCD432A00AD5CE2 /* Weather_ForecastUITestsLaunchTests.swift */ = {isa = PBXFileReference; lastKnownFileType = sourcecode.swift; path = Weather_ForecastUITestsLaunchTests.swift; sourceTree = "<group>"; };
/* End PBXFileReference section */

/* Begin PBXFrameworksBuildPhase section */
		1EAB02582DCD432700AD5CE2 /* Frameworks */ = {
			isa = PBXFrameworksBuildPhase;
			buildActionMask = 2147483647;
			files = (
			);
			runOnlyForDeploymentPostprocessing = 0;
		};
		1EAB02712DCD432A00AD5CE2 /* Frameworks */ = {
			isa = PBXFrameworksBuildPhase;
			buildActionMask = 2147483647;
			files = (
			);
			runOnlyForDeploymentPostprocessing = 0;
		};
		1EAB027B2DCD432A00AD5CE2 /* Frameworks */ = {
			isa = PBXFrameworksBuildPhase;
			buildActionMask = 2147483647;
			files = (
			);
			runOnlyForDeploymentPostprocessing = 0;
		};
/* End PBXFrameworksBuildPhase section */

/* Begin PBXGroup section */
		1EAB02522DCD432700AD5CE2 = {
			isa = PBXGroup;
			children = (
				1EAB025D2DCD432700AD5CE2 /* Weather Forecast */,
				1EAB02772DCD432A00AD5CE2 /* Weather ForecastTests */,
				1EAB02812DCD432A00AD5CE2 /* Weather ForecastUITests */,
				1EAB025C2DCD432700AD5CE2 /* Products */,
			);
			sourceTree = "<group>";
		};
		1EAB025C2DCD432700AD5CE2 /* Products */ = {
			isa = PBXGroup;
			children = (
				1EAB025B2DCD432700AD5CE2 /* Weather Forecast.app */,
				1EAB02742DCD432A00AD5CE2 /* Weather ForecastTests.xctest */,
				1EAB027E2DCD432A00AD5CE2 /* Weather ForecastUITests.xctest */,
			);
			name = Products;
			sourceTree = "<group>";
		};
		1EAB025D2DCD432700AD5CE2 /* Weather Forecast */ = {
			isa = PBXGroup;
			children = (
				1EAB025E2DCD432700AD5CE2 /* AppDelegate.swift */,
				1EAB02602DCD432700AD5CE2 /* SceneDelegate.swift */,
				1EAB02622DCD432700AD5CE2 /* ViewController.swift */,
				1EAB02642DCD432700AD5CE2 /* Main.storyboard */,
				1EAB026A2DCD432900AD5CE2 /* Assets.xcassets */,
				1EAB026C2DCD432900AD5CE2 /* LaunchScreen.storyboard */,
				1EAB026F2DCD432A00AD5CE2 /* Info.plist */,
				1EAB02672DCD432700AD5CE2 /* Weather_Forecast.xcdatamodeld */,
				1E567DAE2DCF9E250093F128 /* HourlyTableViewController.swift */,
				1E567DB02DCF9E2E0093F128 /* DailyTableViewController.swift */,
				1E567DB22DCFA0FA0093F128 /* SettingsViewController.swift */,
			);
			path = "Weather Forecast";
			sourceTree = "<group>";
		};
		1EAB02772DCD432A00AD5CE2 /* Weather ForecastTests */ = {
			isa = PBXGroup;
			children = (
				1EAB02782DCD432A00AD5CE2 /* Weather_ForecastTests.swift */,
			);
			path = "Weather ForecastTests";
			sourceTree = "<group>";
		};
		1EAB02812DCD432A00AD5CE2 /* Weather ForecastUITests */ = {
			isa = PBXGroup;
			children = (
				1EAB02822DCD432A00AD5CE2 /* Weather_ForecastUITests.swift */,
				1EAB02842DCD432A00AD5CE2 /* Weather_ForecastUITestsLaunchTests.swift */,
			);
			path = "Weather ForecastUITests";
			sourceTree = "<group>";
		};
/* End PBXGroup section */

/* Begin PBXNativeTarget section */
		1EAB025A2DCD432700AD5CE2 /* Weather Forecast */ = {
			isa = PBXNativeTarget;
			buildConfigurationList = 1EAB02882DCD432A00AD5CE2 /* Build configuration list for PBXNativeTarget "Weather Forecast" */;
			buildPhases = (
				1EAB02572DCD432700AD5CE2 /* Sources */,
				1EAB02582DCD432700AD5CE2 /* Frameworks */,
				1EAB02592DCD432700AD5CE2 /* Resources */,
			);
			buildRules = (
			);
			dependencies = (
			);
			name = "Weather Forecast";
			productName = "Weather Forecast";
			productReference = 1EAB025B2DCD432700AD5CE2 /* Weather Forecast.app */;
			productType = "com.apple.product-type.application";
		};
		1EAB02732DCD432A00AD5CE2 /* Weather ForecastTests */ = {
			isa = PBXNativeTarget;
			buildConfigurationList = 1EAB028B2DCD432A00AD5CE2 /* Build configuration list for PBXNativeTarget "Weather ForecastTests" */;
			buildPhases = (
				1EAB02702DCD432A00AD5CE2 /* Sources */,
				1EAB02712DCD432A00AD5CE2 /* Frameworks */,
				1EAB02722DCD432A00AD5CE2 /* Resources */,
			);
			buildRules = (
			);
			dependencies = (
				1EAB02762DCD432A00AD5CE2 /* PBXTargetDependency */,
			);
			name = "Weather ForecastTests";
			productName = "Weather ForecastTests";
			productReference = 1EAB02742DCD432A00AD5CE2 /* Weather ForecastTests.xctest */;
			productType = "com.apple.product-type.bundle.unit-test";
		};
		1EAB027D2DCD432A00AD5CE2 /* Weather ForecastUITests */ = {
			isa = PBXNativeTarget;
			buildConfigurationList = 1EAB028E2DCD432A00AD5CE2 /* Build configuration list for PBXNativeTarget "Weather ForecastUITests" */;
			buildPhases = (
				1EAB027A2DCD432A00AD5CE2 /* Sources */,
				1EAB027B2DCD432A00AD5CE2 /* Frameworks */,
				1EAB027C2DCD432A00AD5CE2 /* Resources */,
			);
			buildRules = (
			);
			dependencies = (
				1EAB02802DCD432A00AD5CE2 /* PBXTargetDependency */,
			);
			name = "Weather ForecastUITests";
			productName = "Weather ForecastUITests";
			productReference = 1EAB027E2DCD432A00AD5CE2 /* Weather ForecastUITests.xctest */;
			productType = "com.apple.product-type.bundle.ui-testing";
		};
/* End PBXNativeTarget section */

/* Begin PBXProject section */
		1EAB02532DCD432700AD5CE2 /* Project object */ = {
			isa = PBXProject;
			attributes = {
				BuildIndependentTargetsInParallel = 1;
				LastSwiftUpdateCheck = 1500;
				LastUpgradeCheck = 1500;
				TargetAttributes = {
					1EAB025A2DCD432700AD5CE2 = {
						CreatedOnToolsVersion = 15.0;
					};
					1EAB02732DCD432A00AD5CE2 = {
						CreatedOnToolsVersion = 15.0;
						TestTargetID = 1EAB025A2DCD432700AD5CE2;
					};
					1EAB027D2DCD432A00AD5CE2 = {
						CreatedOnToolsVersion = 15.0;
						TestTargetID = 1EAB025A2DCD432700AD5CE2;
					};
				};
			};
			buildConfigurationList = 1EAB02562DCD432700AD5CE2 /* Build configuration list for PBXProject "Weather Forecast" */;
			compatibilityVersion = "Xcode 14.0";
			developmentRegion = en;
			hasScannedForEncodings = 0;
			knownRegions = (
				en,
				Base,
			);
			mainGroup = 1EAB02522DCD432700AD5CE2;
			productRefGroup = 1EAB025C2DCD432700AD5CE2 /* Products */;
			projectDirPath = "";
			projectRoot = "";
			targets = (
				1EAB025A2DCD432700AD5CE2 /* Weather Forecast */,
				1EAB02732DCD432A00AD5CE2 /* Weather ForecastTests */,
				1EAB027D2DCD432A00AD5CE2 /* Weather ForecastUITests */,
			);
		};
/* End PBXProject section */

/* Begin PBXResourcesBuildPhase section */
		1EAB02592DCD432700AD5CE2 /* Resources */ = {
			isa = PBXResourcesBuildPhase;
			buildActionMask = 2147483647;
			files = (
				1EAB026E2DCD432900AD5CE2 /* LaunchScreen.storyboard in Resources */,
				1EAB026B2DCD432900AD5CE2 /* Assets.xcassets in Resources */,
				1EAB02662DCD432700AD5CE2 /* Main.storyboard in Resources */,
			);
			runOnlyForDeploymentPostprocessing = 0;
		};
		1EAB02722DCD432A00AD5CE2 /* Resources */ = {
			isa = PBXResourcesBuildPhase;
			buildActionMask = 2147483647;
			files = (
			);
			runOnlyForDeploymentPostprocessing = 0;
		};
		1EAB027C2DCD432A00AD5CE2 /* Resources */ = {
			isa = PBXResourcesBuildPhase;
			buildActionMask = 2147483647;
			files = (
			);
			runOnlyForDeploymentPostprocessing = 0;
		};
/* End PBXResourcesBuildPhase section */

/* Begin PBXSourcesBuildPhase section */
		1EAB02572DCD432700AD5CE2 /* Sources */ = {
			isa = PBXSourcesBuildPhase;
			buildActionMask = 2147483647;
			files = (
				1EAB02632DCD432700AD5CE2 /* ViewController.swift in Sources */,
				1EAB025F2DCD432700AD5CE2 /* AppDelegate.swift in Sources */,
				1E567DB32DCFA0FA0093F128 /* SettingsViewController.swift in Sources */,
				1EAB02612DCD432700AD5CE2 /* SceneDelegate.swift in Sources */,
				1EAB02692DCD432700AD5CE2 /* Weather_Forecast.xcdatamodeld in Sources */,
				1E567DAF2DCF9E250093F128 /* HourlyTableViewController.swift in Sources */,
				1E567DB12DCF9E2E0093F128 /* DailyTableViewController.swift in Sources */,
			);
			runOnlyForDeploymentPostprocessing = 0;
		};
		1EAB02702DCD432A00AD5CE2 /* Sources */ = {
			isa = PBXSourcesBuildPhase;
			buildActionMask = 2147483647;
			files = (
				1EAB02792DCD432A00AD5CE2 /* Weather_ForecastTests.swift in Sources */,
			);
			runOnlyForDeploymentPostprocessing = 0;
		};
		1EAB027A2DCD432A00AD5CE2 /* Sources */ = {
			isa = PBXSourcesBuildPhase;
			buildActionMask = 2147483647;
			files = (
				1EAB02852DCD432A00AD5CE2 /* Weather_ForecastUITestsLaunchTests.swift in Sources */,
				1EAB02832DCD432A00AD5CE2 /* Weather_ForecastUITests.swift in Sources */,
			);
			runOnlyForDeploymentPostprocessing = 0;
		};
/* End PBXSourcesBuildPhase section */

/* Begin PBXTargetDependency section */
		1EAB02762DCD432A00AD5CE2 /* PBXTargetDependency */ = {
			isa = PBXTargetDependency;
			target = 1EAB025A2DCD432700AD5CE2 /* Weather Forecast */;
			targetProxy = 1EAB02752DCD432A00AD5CE2 /* PBXContainerItemProxy */;
		};
		1EAB02802DCD432A00AD5CE2 /* PBXTargetDependency */ = {
			isa = PBXTargetDependency;
			target = 1EAB025A2DCD432700AD5CE2 /* Weather Forecast */;
			targetProxy = 1EAB027F2DCD432A00AD5CE2 /* PBXContainerItemProxy */;
		};
/* End PBXTargetDependency section */

/* Begin PBXVariantGroup section */
		1EAB02642DCD432700AD5CE2 /* Main.storyboard */ = {
			isa = PBXVariantGroup;
			children = (
				1EAB02652DCD432700AD5CE2 /* Base */,
			);
			name = Main.storyboard;
			sourceTree = "<group>";
		};
		1EAB026C2DCD432900AD5CE2 /* LaunchScreen.storyboard */ = {
			isa = PBXVariantGroup;
			children = (
				1EAB026D2DCD432900AD5CE2 /* Base */,
			);
			name = LaunchScreen.storyboard;
			sourceTree = "<group>";
		};
/* End PBXVariantGroup section */

/* Begin XCBuildConfiguration section */
		1EAB02862DCD432A00AD5CE2 /* Debug */ = {
			isa = XCBuildConfiguration;
			buildSettings = {
				ALWAYS_SEARCH_USER_PATHS = NO;
				ASSETCATALOG_COMPILER_GENERATE_SWIFT_ASSET_SYMBOL_EXTENSIONS = YES;
				CLANG_ANALYZER_NONNULL = YES;
				CLANG_ANALYZER_NUMBER_OBJECT_CONVERSION = YES_AGGRESSIVE;
				CLANG_CXX_LANGUAGE_STANDARD = "gnu++20";
				CLANG_ENABLE_MODULES = YES;
				CLANG_ENABLE_OBJC_ARC = YES;
				CLANG_ENABLE_OBJC_WEAK = YES;
				CLANG_WARN_BLOCK_CAPTURE_AUTORELEASING = YES;
				CLANG_WARN_BOOL_CONVERSION = YES;
				CLANG_WARN_COMMA = YES;
				CLANG_WARN_CONSTANT_CONVERSION = YES;
				CLANG_WARN_DEPRECATED_OBJC_IMPLEMENTATIONS = YES;
				CLANG_WARN_DIRECT_OBJC_ISA_USAGE = YES_ERROR;
				CLANG_WARN_DOCUMENTATION_COMMENTS = YES;
				CLANG_WARN_EMPTY_BODY = YES;
				CLANG_WARN_ENUM_CONVERSION = YES;
				CLANG_WARN_INFINITE_RECURSION = YES;
				CLANG_WARN_INT_CONVERSION = YES;
				CLANG_WARN_NON_LITERAL_NULL_CONVERSION = YES;
				CLANG_WARN_OBJC_IMPLICIT_RETAIN_SELF = YES;
				CLANG_WARN_OBJC_LITERAL_CONVERSION = YES;
				CLANG_WARN_OBJC_ROOT_CLASS = YES_ERROR;
				CLANG_WARN_QUOTED_INCLUDE_IN_FRAMEWORK_HEADER = YES;
				CLANG_WARN_RANGE_LOOP_ANALYSIS = YES;
				CLANG_WARN_STRICT_PROTOTYPES = YES;
				CLANG_WARN_SUSPICIOUS_MOVE = YES;
				CLANG_WARN_UNGUARDED_AVAILABILITY = YES_AGGRESSIVE;
				CLANG_WARN_UNREACHABLE_CODE = YES;
				CLANG_WARN__DUPLICATE_METHOD_MATCH = YES;
				COPY_PHASE_STRIP = NO;
				DEBUG_INFORMATION_FORMAT = dwarf;
				ENABLE_STRICT_OBJC_MSGSEND = YES;
				ENABLE_TESTABILITY = YES;
				ENABLE_USER_SCRIPT_SANDBOXING = YES;
				GCC_C_LANGUAGE_STANDARD = gnu17;
				GCC_DYNAMIC_NO_PIC = NO;
				GCC_NO_COMMON_BLOCKS = YES;
				GCC_OPTIMIZATION_LEVEL = 0;
				GCC_PREPROCESSOR_DEFINITIONS = (
					"DEBUG=1",
					"$(inherited)",
				);
				GCC_WARN_64_TO_32_BIT_CONVERSION = YES;
				GCC_WARN_ABOUT_RETURN_TYPE = YES_ERROR;
				GCC_WARN_UNDECLARED_SELECTOR = YES;
				GCC_WARN_UNINITIALIZED_AUTOS = YES_AGGRESSIVE;
				GCC_WARN_UNUSED_FUNCTION = YES;
				GCC_WARN_UNUSED_VARIABLE = YES;
				IPHONEOS_DEPLOYMENT_TARGET = 17.0;
				LOCALIZATION_PREFERS_STRING_CATALOGS = YES;
				MTL_ENABLE_DEBUG_INFO = INCLUDE_SOURCE;
				MTL_FAST_MATH = YES;
				ONLY_ACTIVE_ARCH = YES;
				SDKROOT = iphoneos;
				SWIFT_ACTIVE_COMPILATION_CONDITIONS = "DEBUG $(inherited)";
				SWIFT_OPTIMIZATION_LEVEL = "-Onone";
			};
			name = Debug;
		};
		1EAB02872DCD432A00AD5CE2 /* Release */ = {
			isa = XCBuildConfiguration;
			buildSettings = {
				ALWAYS_SEARCH_USER_PATHS = NO;
				ASSETCATALOG_COMPILER_GENERATE_SWIFT_ASSET_SYMBOL_EXTENSIONS = YES;
				CLANG_ANALYZER_NONNULL = YES;
				CLANG_ANALYZER_NUMBER_OBJECT_CONVERSION = YES_AGGRESSIVE;
				CLANG_CXX_LANGUAGE_STANDARD = "gnu++20";
				CLANG_ENABLE_MODULES = YES;
				CLANG_ENABLE_OBJC_ARC = YES;
				CLANG_ENABLE_OBJC_WEAK = YES;
				CLANG_WARN_BLOCK_CAPTURE_AUTORELEASING = YES;
				CLANG_WARN_BOOL_CONVERSION = YES;
				CLANG_WARN_COMMA = YES;
				CLANG_WARN_CONSTANT_CONVERSION = YES;
				CLANG_WARN_DEPRECATED_OBJC_IMPLEMENTATIONS = YES;
				CLANG_WARN_DIRECT_OBJC_ISA_USAGE = YES_ERROR;
				CLANG_WARN_DOCUMENTATION_COMMENTS = YES;
				CLANG_WARN_EMPTY_BODY = YES;
				CLANG_WARN_ENUM_CONVERSION = YES;
				CLANG_WARN_INFINITE_RECURSION = YES;
				CLANG_WARN_INT_CONVERSION = YES;
				CLANG_WARN_NON_LITERAL_NULL_CONVERSION = YES;
				CLANG_WARN_OBJC_IMPLICIT_RETAIN_SELF = YES;
				CLANG_WARN_OBJC_LITERAL_CONVERSION = YES;
				CLANG_WARN_OBJC_ROOT_CLASS = YES_ERROR;
				CLANG_WARN_QUOTED_INCLUDE_IN_FRAMEWORK_HEADER = YES;
				CLANG_WARN_RANGE_LOOP_ANALYSIS = YES;
				CLANG_WARN_STRICT_PROTOTYPES = YES;
				CLANG_WARN_SUSPICIOUS_MOVE = YES;
				CLANG_WARN_UNGUARDED_AVAILABILITY = YES_AGGRESSIVE;
				CLANG_WARN_UNREACHABLE_CODE = YES;
				CLANG_WARN__DUPLICATE_METHOD_MATCH = YES;
				COPY_PHASE_STRIP = NO;
				DEBUG_INFORMATION_FORMAT = "dwarf-with-dsym";
				ENABLE_NS_ASSERTIONS = NO;
				ENABLE_STRICT_OBJC_MSGSEND = YES;
				ENABLE_USER_SCRIPT_SANDBOXING = YES;
				GCC_C_LANGUAGE_STANDARD = gnu17;
				GCC_NO_COMMON_BLOCKS = YES;
				GCC_WARN_64_TO_32_BIT_CONVERSION = YES;
				GCC_WARN_ABOUT_RETURN_TYPE = YES_ERROR;
				GCC_WARN_UNDECLARED_SELECTOR = YES;
				GCC_WARN_UNINITIALIZED_AUTOS = YES_AGGRESSIVE;
				GCC_WARN_UNUSED_FUNCTION = YES;
				GCC_WARN_UNUSED_VARIABLE = YES;
				IPHONEOS_DEPLOYMENT_TARGET = 17.0;
				LOCALIZATION_PREFERS_STRING_CATALOGS = YES;
				MTL_ENABLE_DEBUG_INFO = NO;
				MTL_FAST_MATH = YES;
				SDKROOT = iphoneos;
				SWIFT_COMPILATION_MODE = wholemodule;
				VALIDATE_PRODUCT = YES;
			};
			name = Release;
		};
		1EAB02892DCD432A00AD5CE2 /* Debug */ = {
			isa = XCBuildConfiguration;
			buildSettings = {
				ASSETCATALOG_COMPILER_APPICON_NAME = AppIcon;
				ASSETCATALOG_COMPILER_GLOBAL_ACCENT_COLOR_NAME = AccentColor;
				CODE_SIGN_STYLE = Automatic;
				CURRENT_PROJECT_VERSION = 1;
				GENERATE_INFOPLIST_FILE = YES;
				INFOPLIST_FILE = "Weather Forecast/Info.plist";
				INFOPLIST_KEY_UIApplicationSupportsIndirectInputEvents = YES;
				INFOPLIST_KEY_UILaunchStoryboardName = LaunchScreen;
				INFOPLIST_KEY_UIMainStoryboardFile = Main;
				INFOPLIST_KEY_UISupportedInterfaceOrientations_iPad = "UIInterfaceOrientationPortrait UIInterfaceOrientationPortraitUpsideDown UIInterfaceOrientationLandscapeLeft UIInterfaceOrientationLandscapeRight";
				INFOPLIST_KEY_UISupportedInterfaceOrientations_iPhone = "UIInterfaceOrientationPortrait UIInterfaceOrientationLandscapeLeft UIInterfaceOrientationLandscapeRight";
				LD_RUNPATH_SEARCH_PATHS = (
					"$(inherited)",
					"@executable_path/Frameworks",
				);
				MARKETING_VERSION = 1.0;
				PRODUCT_BUNDLE_IDENTIFIER = "ITI.Weather-Forecast";
				PRODUCT_NAME = "$(TARGET_NAME)";
				SWIFT_EMIT_LOC_STRINGS = YES;
				SWIFT_VERSION = 5.0;
				TARGETED_DEVICE_FAMILY = "1,2";
			};
			name = Debug;
		};
		1EAB028A2DCD432A00AD5CE2 /* Release */ = {
			isa = XCBuildConfiguration;
			buildSettings = {
				ASSETCATALOG_COMPILER_APPICON_NAME = AppIcon;
				ASSETCATALOG_COMPILER_GLOBAL_ACCENT_COLOR_NAME = AccentColor;
				CODE_SIGN_STYLE = Automatic;
				CURRENT_PROJECT_VERSION = 1;
				GENERATE_INFOPLIST_FILE = YES;
				INFOPLIST_FILE = "Weather Forecast/Info.plist";
				INFOPLIST_KEY_UIApplicationSupportsIndirectInputEvents = YES;
				INFOPLIST_KEY_UILaunchStoryboardName = LaunchScreen;
				INFOPLIST_KEY_UIMainStoryboardFile = Main;
				INFOPLIST_KEY_UISupportedInterfaceOrientations_iPad = "UIInterfaceOrientationPortrait UIInterfaceOrientationPortraitUpsideDown UIInterfaceOrientationLandscapeLeft UIInterfaceOrientationLandscapeRight";
				INFOPLIST_KEY_UISupportedInterfaceOrientations_iPhone = "UIInterfaceOrientationPortrait UIInterfaceOrientationLandscapeLeft UIInterfaceOrientationLandscapeRight";
				LD_RUNPATH_SEARCH_PATHS = (
					"$(inherited)",
					"@executable_path/Frameworks",
				);
				MARKETING_VERSION = 1.0;
				PRODUCT_BUNDLE_IDENTIFIER = "ITI.Weather-Forecast";
				PRODUCT_NAME = "$(TARGET_NAME)";
				SWIFT_EMIT_LOC_STRINGS = YES;
				SWIFT_VERSION = 5.0;
				TARGETED_DEVICE_FAMILY = "1,2";
			};
			name = Release;
		};
		1EAB028C2DCD432A00AD5CE2 /* Debug */ = {
			isa = XCBuildConfiguration;
			buildSettings = {
				ALWAYS_EMBED_SWIFT_STANDARD_LIBRARIES = YES;
				BUNDLE_LOADER = "$(TEST_HOST)";
				CODE_SIGN_STYLE = Automatic;
				CURRENT_PROJECT_VERSION = 1;
				GENERATE_INFOPLIST_FILE = YES;
				IPHONEOS_DEPLOYMENT_TARGET = 17.0;
				MARKETING_VERSION = 1.0;
				PRODUCT_BUNDLE_IDENTIFIER = "ITI.Weather-ForecastTests";
				PRODUCT_NAME = "$(TARGET_NAME)";
				SWIFT_EMIT_LOC_STRINGS = NO;
				SWIFT_VERSION = 5.0;
				TARGETED_DEVICE_FAMILY = "1,2";
				TEST_HOST = "$(BUILT_PRODUCTS_DIR)/Weather Forecast.app/$(BUNDLE_EXECUTABLE_FOLDER_PATH)/Weather Forecast";
			};
			name = Debug;
		};
		1EAB028D2DCD432A00AD5CE2 /* Release */ = {
			isa = XCBuildConfiguration;
			buildSettings = {
				ALWAYS_EMBED_SWIFT_STANDARD_LIBRARIES = YES;
				BUNDLE_LOADER = "$(TEST_HOST)";
				CODE_SIGN_STYLE = Automatic;
				CURRENT_PROJECT_VERSION = 1;
				GENERATE_INFOPLIST_FILE = YES;
				IPHONEOS_DEPLOYMENT_TARGET = 17.0;
				MARKETING_VERSION = 1.0;
				PRODUCT_BUNDLE_IDENTIFIER = "ITI.Weather-ForecastTests";
				PRODUCT_NAME = "$(TARGET_NAME)";
				SWIFT_EMIT_LOC_STRINGS = NO;
				SWIFT_VERSION = 5.0;
				TARGETED_DEVICE_FAMILY = "1,2";
				TEST_HOST = "$(BUILT_PRODUCTS_DIR)/Weather Forecast.app/$(BUNDLE_EXECUTABLE_FOLDER_PATH)/Weather Forecast";
			};
			name = Release;
		};
		1EAB028F2DCD432A00AD5CE2 /* Debug */ = {
			isa = XCBuildConfiguration;
			buildSettings = {
				ALWAYS_EMBED_SWIFT_STANDARD_LIBRARIES = YES;
				CODE_SIGN_STYLE = Automatic;
				CURRENT_PROJECT_VERSION = 1;
				GENERATE_INFOPLIST_FILE = YES;
				MARKETING_VERSION = 1.0;
				PRODUCT_BUNDLE_IDENTIFIER = "ITI.Weather-ForecastUITests";
				PRODUCT_NAME = "$(TARGET_NAME)";
				SWIFT_EMIT_LOC_STRINGS = NO;
				SWIFT_VERSION = 5.0;
				TARGETED_DEVICE_FAMILY = "1,2";
				TEST_TARGET_NAME = "Weather Forecast";
			};
			name = Debug;
		};
		1EAB02902DCD432A00AD5CE2 /* Release */ = {
			isa = XCBuildConfiguration;
			buildSettings = {
				ALWAYS_EMBED_SWIFT_STANDARD_LIBRARIES = YES;
				CODE_SIGN_STYLE = Automatic;
				CURRENT_PROJECT_VERSION = 1;
				GENERATE_INFOPLIST_FILE = YES;
				MARKETING_VERSION = 1.0;
				PRODUCT_BUNDLE_IDENTIFIER = "ITI.Weather-ForecastUITests";
				PRODUCT_NAME = "$(TARGET_NAME)";
				SWIFT_EMIT_LOC_STRINGS = NO;
				SWIFT_VERSION = 5.0;
				TARGETED_DEVICE_FAMILY = "1,2";
				TEST_TARGET_NAME = "Weather Forecast";
			};
			name = Release;
		};
/* End XCBuildConfiguration section */

/* Begin XCConfigurationList section */
		1EAB02562DCD432700AD5CE2 /* Build configuration list for PBXProject "Weather Forecast" */ = {
			isa = XCConfigurationList;
			buildConfigurations = (
				1EAB02862DCD432A00AD5CE2 /* Debug */,
				1EAB02872DCD432A00AD5CE2 /* Release */,
			);
			defaultConfigurationIsVisible = 0;
			defaultConfigurationName = Release;
		};
		1EAB02882DCD432A00AD5CE2 /* Build configuration list for PBXNativeTarget "Weather Forecast" */ = {
			isa = XCConfigurationList;
			buildConfigurations = (
				1EAB02892DCD432A00AD5CE2 /* Debug */,
				1EAB028A2DCD432A00AD5CE2 /* Release */,
			);
			defaultConfigurationIsVisible = 0;
			defaultConfigurationName = Release;
		};
		1EAB028B2DCD432A00AD5CE2 /* Build configuration list for PBXNativeTarget "Weather ForecastTests" */ = {
			isa = XCConfigurationList;
			buildConfigurations = (
				1EAB028C2DCD432A00AD5CE2 /* Debug */,
				1EAB028D2DCD432A00AD5CE2 /* Release */,
			);
			defaultConfigurationIsVisible = 0;
			defaultConfigurationName = Release;
		};
		1EAB028E2DCD432A00AD5CE2 /* Build configuration list for PBXNativeTarget "Weather ForecastUITests" */ = {
			isa = XCConfigurationList;
			buildConfigurations = (
				1EAB028F2DCD432A00AD5CE2 /* Debug */,
				1EAB02902DCD432A00AD5CE2 /* Release */,
			);
			defaultConfigurationIsVisible = 0;
			defaultConfigurationName = Release;
		};
/* End XCConfigurationList section */

/* Begin XCVersionGroup section */
		1EAB02672DCD432700AD5CE2 /* Weather_Forecast.xcdatamodeld */ = {
			isa = XCVersionGroup;
			children = (
				1EAB02682DCD432700AD5CE2 /* Weather_Forecast.xcdatamodel */,
			);
			currentVersion = 1EAB02682DCD432700AD5CE2 /* Weather_Forecast.xcdatamodel */;
			path = Weather_Forecast.xcdatamodeld;
			sourceTree = "<group>";
			versionGroupType = wrapper.xcdatamodel;
		};
/* End XCVersionGroup section */
	};
	rootObject = 1EAB02532DCD432700AD5CE2 /* Project object */;
}
